
Microsoft Visual Studio Solution File, Format Version 12.00
# Visual Studio Version 17
VisualStudioVersion = 17.6.33829.357
MinimumVisualStudioVersion = 10.0.40219.1
Project("{8BC9CEB8-8B4A-11D0-8D11-00A0C91BC942}") = "bai20_insochan", "bai20_insochan.vcxproj", "{F147B4AD-A152-4D96-9B43-7DBC44A67104}"
EndProject
Global
	GlobalSection(SolutionConfigurationPlatforms) = preSolution
		Debug|x64 = Debug|x64
		Debug|x86 = Debug|x86
		Release|x64 = Release|x64
		Release|x86 = Release|x86
	EndGlobalSection
	GlobalSection(ProjectConfigurationPlatforms) = postSolution
		{F147B4AD-A152-4D96-9B43-7DBC44A67104}.Debug|x64.ActiveCfg = Debug|x64
		{F147B4AD-A152-4D96-9B43-7DBC44A67104}.Debug|x64.Build.0 = Debug|x64
		{F147B4AD-A152-4D96-9B43-7DBC44A67104}.Debug|x86.ActiveCfg = Debug|Win32
		{F147B4AD-A152-4D96-9B43-7DBC44A67104}.Debug|x86.Build.0 = Debug|Win32
		{F147B4AD-A152-4D96-9B43-7DBC44A67104}.Release|x64.ActiveCfg = Release|x64
		{F147B4AD-A152-4D96-9B43-7DBC44A67104}.Release|x64.Build.0 = Release|x64
		{F147B4AD-A152-4D96-9B43-7DBC44A67104}.Release|x86.ActiveCfg = Release|Win32
		{F147B4AD-A152-4D96-9B43-7DBC44A67104}.Release|x86.Build.0 = Release|Win32
	EndGlobalSection
	GlobalSection(SolutionProperties) = preSolution
		HideSolutionNode = FALSE
	EndGlobalSection
	GlobalSection(ExtensibilityGlobals) = postSolution
		SolutionGuid = {8E61640E-214F-4F13-81AF-621D3EB557BD}
	EndGlobalSection
EndGlobal
